github.com/Grand-Theft-Auto-In-CCNU-MUXI/hacker-support v0.0.0-20211120063733-f9066d378638 h1:cIuaVUe4W8K5k2HYnQ0RzGHEFgx59UGcBFk6GvwfUfs=
github.com/Grand-Theft-Auto-In-CCNU-MUXI/hacker-support v0.0.0-20211120063733-f9066d378638/go.mod h1:iCUgC7U7LQJlL4aiEZyztFVKUK55hyFe86cA5A8imUo=
github.com/blackfireio/osinfo v1.0.2 h1:u3ds4GS9l+WGEnNP0R7ED3JxhTXNd0Upg/Lg1rJZRCw=
github.com/blackfireio/osinfo v1.0.2/go.mod h1:Pd987poVNmd5Wsx6PRPw4+w7kLlf9iJxoRKPtPAjOrA=
